
Microsoft Visual Studio Solution File, Format Version 12.00
# Visual Studio Version 17
VisualStudioVersion = 17.2.32630.192
MinimumVisualStudioVersion = 10.0.40219.1
Project("{FAE04EC0-301F-11D3-BF4B-00C04F79EFBC}") = "UrlMinify.Data", "UrlMinify.Data\UrlMinify.Data.csproj", "{39CA5B36-4711-4E52-B3CA-0166FD995526}"
EndProject
Project("{FAE04EC0-301F-11D3-BF4B-00C04F79EFBC}") = "UrlMinify.Shared", "UrlMinify.Shared\UrlMinify.Shared.csproj", "{E2621B86-E367-4503-983B-5354B48352C5}"
EndProject
Project("{FAE04EC0-301F-11D3-BF4B-00C04F79EFBC}") = "UrlMinify.Business", "UrlMinify.Business\UrlMinify.Business.csproj", "{1D0DFF76-F408-4ACB-BDB2-1A32E170FC4A}"
EndProject
Project("{FAE04EC0-301F-11D3-BF4B-00C04F79EFBC}") = "UrlMinify.Api", "UrlMinify.Api\UrlMinify.Api.csproj", "{4C3D49FE-AEA6-4543-AB5F-74E4B39DC22C}"
EndProject
Project("{FAE04EC0-301F-11D3-BF4B-00C04F79EFBC}") = "UrlMinify.Web", "UrlMinify.Web\UrlMinify.Web.csproj", "{6C69FA46-15F6-4743-96DC-DE0C504D0D9B}"
EndProject
Global
	GlobalSection(SolutionConfigurationPlatforms) = preSolution
		Debug|Any CPU = Debug|Any CPU
		Release|Any CPU = Release|Any CPU
	EndGlobalSection
	GlobalSection(ProjectConfigurationPlatforms) = postSolution
		{39CA5B36-4711-4E52-B3CA-0166FD995526}.Debug|Any CPU.ActiveCfg = Debug|Any CPU
		{39CA5B36-4711-4E52-B3CA-0166FD995526}.Debug|Any CPU.Build.0 = Debug|Any CPU
		{39CA5B36-4711-4E52-B3CA-0166FD995526}.Release|Any CPU.ActiveCfg = Release|Any CPU
		{39CA5B36-4711-4E52-B3CA-0166FD995526}.Release|Any CPU.Build.0 = Release|Any CPU
		{E2621B86-E367-4503-983B-5354B48352C5}.Debug|Any CPU.ActiveCfg = Debug|Any CPU
		{E2621B86-E367-4503-983B-5354B48352C5}.Debug|Any CPU.Build.0 = Debug|Any CPU
		{E2621B86-E367-4503-983B-5354B48352C5}.Release|Any CPU.ActiveCfg = Release|Any CPU
		{E2621B86-E367-4503-983B-5354B48352C5}.Release|Any CPU.Build.0 = Release|Any CPU
		{1D0DFF76-F408-4ACB-BDB2-1A32E170FC4A}.Debug|Any CPU.ActiveCfg = Debug|Any CPU
		{1D0DFF76-F408-4ACB-BDB2-1A32E170FC4A}.Debug|Any CPU.Build.0 = Debug|Any CPU
		{1D0DFF76-F408-4ACB-BDB2-1A32E170FC4A}.Release|Any CPU.ActiveCfg = Release|Any CPU
		{1D0DFF76-F408-4ACB-BDB2-1A32E170FC4A}.Release|Any CPU.Build.0 = Release|Any CPU
		{4C3D49FE-AEA6-4543-AB5F-74E4B39DC22C}.Debug|Any CPU.ActiveCfg = Debug|Any CPU
		{4C3D49FE-AEA6-4543-AB5F-74E4B39DC22C}.Debug|Any CPU.Build.0 = Debug|Any CPU
		{4C3D49FE-AEA6-4543-AB5F-74E4B39DC22C}.Release|Any CPU.ActiveCfg = Release|Any CPU
		{4C3D49FE-AEA6-4543-AB5F-74E4B39DC22C}.Release|Any CPU.Build.0 = Release|Any CPU
		{6C69FA46-15F6-4743-96DC-DE0C504D0D9B}.Debug|Any CPU.ActiveCfg = Debug|Any CPU
		{6C69FA46-15F6-4743-96DC-DE0C504D0D9B}.Debug|Any CPU.Build.0 = Debug|Any CPU
		{6C69FA46-15F6-4743-96DC-DE0C504D0D9B}.Release|Any CPU.ActiveCfg = Release|Any CPU
		{6C69FA46-15F6-4743-96DC-DE0C504D0D9B}.Release|Any CPU.Build.0 = Release|Any CPU
	EndGlobalSection
	GlobalSection(SolutionProperties) = preSolution
		HideSolutionNode = FALSE
	EndGlobalSection
	GlobalSection(ExtensibilityGlobals) = postSolution
		SolutionGuid = {E6EE024D-4124-4307-B4B7-50A6A2C390DA}
	EndGlobalSection
EndGlobal
